
Microsoft Visual Studio Solution File, Format Version 12.00
# Visual Studio Version 17
VisualStudioVersion = 17.2.32616.157
MinimumVisualStudioVersion = 10.0.40219.1
Project("{9A19103F-16F7-4668-BE54-9A1E7A4F7556}") = "Controle_de_Habito", "Controle_de_Habito\Controle_de_Habito.csproj", "{8F6785B0-457C-4B37-8045-486F529C59C8}"
EndProject
Global
	GlobalSection(SolutionConfigurationPlatforms) = preSolution
		Debug|Any CPU = Debug|Any CPU
		Release|Any CPU = Release|Any CPU
	EndGlobalSection
	GlobalSection(ProjectConfigurationPlatforms) = postSolution
		{8F6785B0-457C-4B37-8045-486F529C59C8}.Debug|Any CPU.ActiveCfg = Debug|Any CPU
		{8F6785B0-457C-4B37-8045-486F529C59C8}.Debug|Any CPU.Build.0 = Debug|Any CPU
		{8F6785B0-457C-4B37-8045-486F529C59C8}.Release|Any CPU.ActiveCfg = Release|Any CPU
		{8F6785B0-457C-4B37-8045-486F529C59C8}.Release|Any CPU.Build.0 = Release|Any CPU
	EndGlobalSection
	GlobalSection(SolutionProperties) = preSolution
		HideSolutionNode = FALSE
	EndGlobalSection
	GlobalSection(ExtensibilityGlobals) = postSolution
		SolutionGuid = {515FE612-8330-4FBF-9E9A-32B5B836B33B}
	EndGlobalSection
EndGlobal
